
Microsoft Visual Studio Solution File, Format Version 12.00
# Visual Studio Version 17
VisualStudioVersion = 17.0.31903.59
MinimumVisualStudioVersion = 10.0.40219.1
Project("{FAE04EC0-301F-11D3-BF4B-00C04F79EFBC}") = "Application", "Application\Application.csproj", "{5174A9EC-539A-40DE-B582-EEEC63E2ABD7}"
EndProject
Project("{FAE04EC0-301F-11D3-BF4B-00C04F79EFBC}") = "Domain", "Domain\Domain.csproj", "{771B4723-1E36-43A5-B2B0-553B0EA4F4BA}"
EndProject
Project("{FAE04EC0-301F-11D3-BF4B-00C04F79EFBC}") = "Infrastructure", "Infrastructure\Infrastructure.csproj", "{8D5F50A2-FC66-4918-A6AE-A5B3BE6F6F3F}"
EndProject
Project("{FAE04EC0-301F-11D3-BF4B-00C04F79EFBC}") = "WebApp", "WebApp\WebApp.csproj", "{0CDA276E-1C32-4356-9814-44F03849F2E3}"
EndProject
Global
	GlobalSection(SolutionConfigurationPlatforms) = preSolution
		Debug|Any CPU = Debug|Any CPU
		Debug|x64 = Debug|x64
		Debug|x86 = Debug|x86
		Release|Any CPU = Release|Any CPU
		Release|x64 = Release|x64
		Release|x86 = Release|x86
	EndGlobalSection
	GlobalSection(ProjectConfigurationPlatforms) = postSolution
		{5174A9EC-539A-40DE-B582-EEEC63E2ABD7}.Debug|Any CPU.ActiveCfg = Debug|Any CPU
		{5174A9EC-539A-40DE-B582-EEEC63E2ABD7}.Debug|Any CPU.Build.0 = Debug|Any CPU
		{5174A9EC-539A-40DE-B582-EEEC63E2ABD7}.Debug|x64.ActiveCfg = Debug|Any CPU
		{5174A9EC-539A-40DE-B582-EEEC63E2ABD7}.Debug|x64.Build.0 = Debug|Any CPU
		{5174A9EC-539A-40DE-B582-EEEC63E2ABD7}.Debug|x86.ActiveCfg = Debug|Any CPU
		{5174A9EC-539A-40DE-B582-EEEC63E2ABD7}.Debug|x86.Build.0 = Debug|Any CPU
		{5174A9EC-539A-40DE-B582-EEEC63E2ABD7}.Release|Any CPU.ActiveCfg = Release|Any CPU
		{5174A9EC-539A-40DE-B582-EEEC63E2ABD7}.Release|Any CPU.Build.0 = Release|Any CPU
		{5174A9EC-539A-40DE-B582-EEEC63E2ABD7}.Release|x64.ActiveCfg = Release|Any CPU
		{5174A9EC-539A-40DE-B582-EEEC63E2ABD7}.Release|x64.Build.0 = Release|Any CPU
		{5174A9EC-539A-40DE-B582-EEEC63E2ABD7}.Release|x86.ActiveCfg = Release|Any CPU
		{5174A9EC-539A-40DE-B582-EEEC63E2ABD7}.Release|x86.Build.0 = Release|Any CPU
		{771B4723-1E36-43A5-B2B0-553B0EA4F4BA}.Debug|Any CPU.ActiveCfg = Debug|Any CPU
		{771B4723-1E36-43A5-B2B0-553B0EA4F4BA}.Debug|Any CPU.Build.0 = Debug|Any CPU
		{771B4723-1E36-43A5-B2B0-553B0EA4F4BA}.Debug|x64.ActiveCfg = Debug|Any CPU
		{771B4723-1E36-43A5-B2B0-553B0EA4F4BA}.Debug|x64.Build.0 = Debug|Any CPU
		{771B4723-1E36-43A5-B2B0-553B0EA4F4BA}.Debug|x86.ActiveCfg = Debug|Any CPU
		{771B4723-1E36-43A5-B2B0-553B0EA4F4BA}.Debug|x86.Build.0 = Debug|Any CPU
		{771B4723-1E36-43A5-B2B0-553B0EA4F4BA}.Release|Any CPU.ActiveCfg = Release|Any CPU
		{771B4723-1E36-43A5-B2B0-553B0EA4F4BA}.Release|Any CPU.Build.0 = Release|Any CPU
		{771B4723-1E36-43A5-B2B0-553B0EA4F4BA}.Release|x64.ActiveCfg = Release|Any CPU
		{771B4723-1E36-43A5-B2B0-553B0EA4F4BA}.Release|x64.Build.0 = Release|Any CPU
		{771B4723-1E36-43A5-B2B0-553B0EA4F4BA}.Release|x86.ActiveCfg = Release|Any CPU
		{771B4723-1E36-43A5-B2B0-553B0EA4F4BA}.Release|x86.Build.0 = Release|Any CPU
		{8D5F50A2-FC66-4918-A6AE-A5B3BE6F6F3F}.Debug|Any CPU.ActiveCfg = Debug|Any CPU
		{8D5F50A2-FC66-4918-A6AE-A5B3BE6F6F3F}.Debug|Any CPU.Build.0 = Debug|Any CPU
		{8D5F50A2-FC66-4918-A6AE-A5B3BE6F6F3F}.Debug|x64.ActiveCfg = Debug|Any CPU
		{8D5F50A2-FC66-4918-A6AE-A5B3BE6F6F3F}.Debug|x64.Build.0 = Debug|Any CPU
		{8D5F50A2-FC66-4918-A6AE-A5B3BE6F6F3F}.Debug|x86.ActiveCfg = Debug|Any CPU
		{8D5F50A2-FC66-4918-A6AE-A5B3BE6F6F3F}.Debug|x86.Build.0 = Debug|Any CPU
		{8D5F50A2-FC66-4918-A6AE-A5B3BE6F6F3F}.Release|Any CPU.ActiveCfg = Release|Any CPU
		{8D5F50A2-FC66-4918-A6AE-A5B3BE6F6F3F}.Release|Any CPU.Build.0 = Release|Any CPU
		{8D5F50A2-FC66-4918-A6AE-A5B3BE6F6F3F}.Release|x64.ActiveCfg = Release|Any CPU
		{8D5F50A2-FC66-4918-A6AE-A5B3BE6F6F3F}.Release|x64.Build.0 = Release|Any CPU
		{8D5F50A2-FC66-4918-A6AE-A5B3BE6F6F3F}.Release|x86.ActiveCfg = Release|Any CPU
		{8D5F50A2-FC66-4918-A6AE-A5B3BE6F6F3F}.Release|x86.Build.0 = Release|Any CPU
		{0CDA276E-1C32-4356-9814-44F03849F2E3}.Debug|Any CPU.ActiveCfg = Debug|Any CPU
		{0CDA276E-1C32-4356-9814-44F03849F2E3}.Debug|Any CPU.Build.0 = Debug|Any CPU
		{0CDA276E-1C32-4356-9814-44F03849F2E3}.Debug|x64.ActiveCfg = Debug|Any CPU
		{0CDA276E-1C32-4356-9814-44F03849F2E3}.Debug|x64.Build.0 = Debug|Any CPU
		{0CDA276E-1C32-4356-9814-44F03849F2E3}.Debug|x86.ActiveCfg = Debug|Any CPU
		{0CDA276E-1C32-4356-9814-44F03849F2E3}.Debug|x86.Build.0 = Debug|Any CPU
		{0CDA276E-1C32-4356-9814-44F03849F2E3}.Release|Any CPU.ActiveCfg = Release|Any CPU
		{0CDA276E-1C32-4356-9814-44F03849F2E3}.Release|Any CPU.Build.0 = Release|Any CPU
		{0CDA276E-1C32-4356-9814-44F03849F2E3}.Release|x64.ActiveCfg = Release|Any CPU
		{0CDA276E-1C32-4356-9814-44F03849F2E3}.Release|x64.Build.0 = Release|Any CPU
		{0CDA276E-1C32-4356-9814-44F03849F2E3}.Release|x86.ActiveCfg = Release|Any CPU
		{0CDA276E-1C32-4356-9814-44F03849F2E3}.Release|x86.Build.0 = Release|Any CPU
	EndGlobalSection
	GlobalSection(SolutionProperties) = preSolution
		HideSolutionNode = FALSE
	EndGlobalSection
EndGlobal
